# THIS IS AN AUTOGENERATED FILE. DO NOT EDIT THIS FILE DIRECTLY.
# yarn lockfile v1


ios-deploy@^1.11.4:
  version "1.11.4"
  resolved "https://registry.yarnpkg.com/ios-deploy/-/ios-deploy-1.11.4.tgz#d1813b11c9f292d757be33fa63399b510a64980a"
  integrity sha512-NZ96/s7klyWySKTI8rTU+vXEIxIMrv6K+7j5VMcqUVShaAUdDX+Ov4nVdSStYOAGFVpl8q56SpAwjEDIvBrswQ==
